
Microsoft Visual Studio Solution File, Format Version 12.00
# Visual Studio Version 16
VisualStudioVersion = 16.0.30717.126
MinimumVisualStudioVersion = 10.0.40219.1
Project("{FAE04EC0-301F-11D3-BF4B-00C04F79EFBC}") = "ShowcaseK8s.SimpleService", "ShowcaseK8s.SimpleService\ShowcaseK8s.SimpleService.csproj", "{6C3E3175-C713-4106-9069-58127B4D72C4}"
EndProject
Global
	GlobalSection(SolutionConfigurationPlatforms) = preSolution
		Debug|Any CPU = Debug|Any CPU
		Release|Any CPU = Release|Any CPU
	EndGlobalSection
	GlobalSection(ProjectConfigurationPlatforms) = postSolution
		{6C3E3175-C713-4106-9069-58127B4D72C4}.Debug|Any CPU.ActiveCfg = Debug|Any CPU
		{6C3E3175-C713-4106-9069-58127B4D72C4}.Debug|Any CPU.Build.0 = Debug|Any CPU
		{6C3E3175-C713-4106-9069-58127B4D72C4}.Release|Any CPU.ActiveCfg = Release|Any CPU
		{6C3E3175-C713-4106-9069-58127B4D72C4}.Release|Any CPU.Build.0 = Release|Any CPU
	EndGlobalSection
	GlobalSection(SolutionProperties) = preSolution
		HideSolutionNode = FALSE
	EndGlobalSection
	GlobalSection(ExtensibilityGlobals) = postSolution
		SolutionGuid = {07FF32B7-D93F-4EFC-8D0D-72AEAE775338}
	EndGlobalSection
EndGlobal
